# This file is automatically @generated by rv.
# It is not intended for manual editing.
version = 2
r_version = "4.5"

[[packages]]
name = "ComplexUpset"
version = "1.3.3"
source = { repository = "https://packagemanager.posit.co/cran/latest" }
force_source = false
dependencies = [
    "ggplot2",
    "patchwork",
    "scales",
    "colorspace",
]

[[packages]]
name = "MASS"
version = "7.3-65"
source = { builtin = true }
force_source = false
dependencies = []

[[packages]]
name = "Matrix"
version = "1.7-4"
source = { builtin = true }
force_source = false
dependencies = [
    "lattice",
]

[[packages]]
name = "R6"
version = "2.6.1"
source = { repository = "https://packagemanager.posit.co/cran/latest" }
force_source = false
dependencies = []

[[packages]]
name = "RColorBrewer"
version = "1.1-3"
source = { repository = "https://packagemanager.posit.co/cran/latest" }
force_source = false
dependencies = []

[[packages]]
name = "Rcpp"
version = "1.1.1"
source = { repository = "https://packagemanager.posit.co/cran/latest" }
force_source = false
dependencies = []

[[packages]]
name = "RcppEigen"
version = "0.3.4.0.2"
source = { repository = "https://packagemanager.posit.co/cran/latest" }
force_source = false
dependencies = [
    { name = "Rcpp", requirement = "(>= 0.11.0)" },
]

[[packages]]
name = "Rdpack"
version = "2.6.6"
source = { repository = "https://packagemanager.posit.co/cran/latest" }
force_source = false
dependencies = [
    { name = "rbibutils", requirement = "(> 2.4)" },
]

[[packages]]
name = "S7"
version = "0.2.1"
source = { repository = "https://packagemanager.posit.co/cran/latest" }
force_source = false
dependencies = []

[[packages]]
name = "base64enc"
version = "0.1-6"
source = { repository = "https://packagemanager.posit.co/cran/latest" }
force_source = false
dependencies = []

[[packages]]
name = "bit"
version = "4.6.0"
source = { repository = "https://packagemanager.posit.co/cran/latest" }
force_source = false
dependencies = []

[[packages]]
name = "bit64"
version = "4.6.0-1"
source = { repository = "https://packagemanager.posit.co/cran/latest" }
force_source = false
dependencies = [
    { name = "bit", requirement = "(>= 4.0.0)" },
]

[[packages]]
name = "boot"
version = "1.3-32"
source = { builtin = true }
force_source = false
dependencies = []

[[packages]]
name = "bslib"
version = "0.10.0"
source = { repository = "https://packagemanager.posit.co/cran/latest" }
force_source = false
dependencies = [
    "base64enc",
    "cachem",
    { name = "fastmap", requirement = "(>= 1.1.1)" },
    { name = "htmltools", requirement = "(>= 0.5.8)" },
    { name = "jquerylib", requirement = "(>= 0.1.3)" },
    "jsonlite",
    "lifecycle",
    { name = "memoise", requirement = "(>= 2.0.1)" },
    "mime",
    "rlang",
    { name = "sass", requirement = "(>= 0.4.9)" },
]

[[packages]]
name = "cachem"
version = "1.1.0"
source = { repository = "https://packagemanager.posit.co/cran/latest" }
force_source = false
dependencies = [
    "rlang",
    { name = "fastmap", requirement = "(>= 1.2.0)" },
]

[[packages]]
name = "cli"
version = "3.6.6"
source = { repository = "https://packagemanager.posit.co/cran/latest" }
force_source = false
dependencies = []

[[packages]]
name = "clipr"
version = "0.8.0"
source = { repository = "https://packagemanager.posit.co/cran/latest" }
force_source = false
dependencies = []

[[packages]]
name = "colorspace"
version = "2.1-2"
source = { repository = "https://packagemanager.posit.co/cran/latest" }
force_source = false
dependencies = []

[[packages]]
name = "commonmark"
version = "2.0.0"
source = { repository = "https://packagemanager.posit.co/cran/latest" }
force_source = false
dependencies = []

[[packages]]
name = "cpp11"
version = "0.5.4"
source = { repository = "https://packagemanager.posit.co/cran/latest" }
force_source = false
dependencies = []

[[packages]]
name = "crayon"
version = "1.5.3"
source = { repository = "https://packagemanager.posit.co/cran/latest" }
force_source = false
dependencies = []

[[packages]]
name = "curl"
version = "7.0.0"
source = { repository = "https://packagemanager.posit.co/cran/latest" }
force_source = false
dependencies = []

[[packages]]
name = "digest"
version = "0.6.39"
source = { repository = "https://packagemanager.posit.co/cran/latest" }
force_source = false
dependencies = []

[[packages]]
name = "dplyr"
version = "1.2.1"
source = { repository = "https://packagemanager.posit.co/cran/latest" }
force_source = false
dependencies = [
    { name = "cli", requirement = "(>= 3.6.2)" },
    "generics",
    { name = "glue", requirement = "(>= 1.3.2)" },
    { name = "lifecycle", requirement = "(>= 1.0.5)" },
    { name = "magrittr", requirement = "(>= 1.5)" },
    { name = "pillar", requirement = "(>= 1.9.0)" },
    "R6",
    { name = "rlang", requirement = "(>= 1.1.7)" },
    { name = "tibble", requirement = "(>= 3.2.0)" },
    { name = "tidyselect", requirement = "(>= 1.2.0)" },
    { name = "vctrs", requirement = "(>= 0.7.1)" },
]

[[packages]]
name = "evaluate"
version = "1.0.5"
source = { repository = "https://packagemanager.posit.co/cran/latest" }
force_source = false
dependencies = []

[[packages]]
name = "farver"
version = "2.1.2"
source = { repository = "https://packagemanager.posit.co/cran/latest" }
force_source = false
dependencies = []

[[packages]]
name = "fastmap"
version = "1.2.0"
source = { repository = "https://packagemanager.posit.co/cran/latest" }
force_source = false
dependencies = []

[[packages]]
name = "fontawesome"
version = "0.5.3"
source = { repository = "https://packagemanager.posit.co/cran/latest" }
force_source = false
dependencies = [
    { name = "rlang", requirement = "(>= 1.0.6)" },
    { name = "htmltools", requirement = "(>= 0.5.1.1)" },
]

[[packages]]
name = "fs"
version = "2.0.1"
source = { repository = "https://packagemanager.posit.co/cran/latest" }
force_source = false
dependencies = []

[[packages]]
name = "generics"
version = "0.1.4"
source = { repository = "https://packagemanager.posit.co/cran/latest" }
force_source = false
dependencies = []

[[packages]]
name = "ggplot2"
version = "4.0.2"
source = { repository = "https://packagemanager.posit.co/cran/latest" }
force_source = false
dependencies = [
    "cli",
    { name = "gtable", requirement = "(>= 0.3.6)" },
    "isoband",
    { name = "lifecycle", requirement = "(> 1.0.1)" },
    { name = "rlang", requirement = "(>= 1.1.0)" },
    "S7",
    { name = "scales", requirement = "(>= 1.4.0)" },
    { name = "vctrs", requirement = "(>= 0.6.0)" },
    { name = "withr", requirement = "(>= 2.5.0)" },
]

[[packages]]
name = "ggtext"
version = "0.1.2"
source = { repository = "https://packagemanager.posit.co/cran/latest" }
force_source = false
dependencies = [
    { name = "ggplot2", requirement = "(>= 3.3.0)" },
    "gridtext",
    "rlang",
    "scales",
]

[[packages]]
name = "glue"
version = "1.8.0"
source = { repository = "https://packagemanager.posit.co/cran/latest" }
force_source = false
dependencies = []

[[packages]]
name = "gridtext"
version = "0.1.6"
source = { repository = "https://packagemanager.posit.co/cran/latest" }
force_source = false
dependencies = [
    "curl",
    "markdown",
    "rlang",
    "Rcpp",
    "png",
    "jpeg",
    "stringr",
    "xml2",
]

[[packages]]
name = "gtable"
version = "0.3.6"
source = { repository = "https://packagemanager.posit.co/cran/latest" }
force_source = false
dependencies = [
    "cli",
    "glue",
    "lifecycle",
    { name = "rlang", requirement = "(>= 1.1.0)" },
]

[[packages]]
name = "here"
version = "1.0.2"
source = { repository = "https://packagemanager.posit.co/cran/latest" }
force_source = false
dependencies = [
    { name = "rprojroot", requirement = "(>= 2.1.0)" },
]

[[packages]]
name = "highr"
version = "0.12"
source = { repository = "https://packagemanager.posit.co/cran/latest" }
force_source = false
dependencies = [
    { name = "xfun", requirement = "(>= 0.18)" },
]

[[packages]]
name = "hms"
version = "1.1.4"
source = { repository = "https://packagemanager.posit.co/cran/latest" }
force_source = false
dependencies = [
    "cli",
    "lifecycle",
    "pkgconfig",
    { name = "rlang", requirement = "(>= 1.0.2)" },
    { name = "vctrs", requirement = "(>= 0.3.8)" },
]

[[packages]]
name = "htmltools"
version = "0.5.9"
source = { repository = "https://packagemanager.posit.co/cran/latest" }
force_source = false
dependencies = [
    "base64enc",
    "digest",
    { name = "fastmap", requirement = "(>= 1.1.0)" },
    { name = "rlang", requirement = "(>= 1.0.0)" },
]

[[packages]]
name = "isoband"
version = "0.3.0"
source = { repository = "https://packagemanager.posit.co/cran/latest" }
force_source = false
dependencies = [
    "cli",
    "rlang",
    "cpp11",
]

[[packages]]
name = "jpeg"
version = "0.1-11"
source = { repository = "https://packagemanager.posit.co/cran/latest" }
force_source = false
dependencies = []

[[packages]]
name = "jquerylib"
version = "0.1.4"
source = { repository = "https://packagemanager.posit.co/cran/latest" }
force_source = false
dependencies = [
    "htmltools",
]

[[packages]]
name = "jsonlite"
version = "2.0.0"
source = { repository = "https://packagemanager.posit.co/cran/latest" }
force_source = false
dependencies = []

[[packages]]
name = "knitr"
version = "1.51"
source = { repository = "https://packagemanager.posit.co/cran/latest" }
force_source = false
dependencies = [
    { name = "evaluate", requirement = "(>= 0.15)" },
    { name = "highr", requirement = "(>= 0.11)" },
    { name = "xfun", requirement = "(>= 0.52)" },
    { name = "yaml", requirement = "(>= 2.1.19)" },
]

[[packages]]
name = "labeling"
version = "0.4.3"
source = { repository = "https://packagemanager.posit.co/cran/latest" }
force_source = false
dependencies = []

[[packages]]
name = "lattice"
version = "0.22-9"
source = { builtin = true }
force_source = false
dependencies = []

[[packages]]
name = "lifecycle"
version = "1.0.5"
source = { repository = "https://packagemanager.posit.co/cran/latest" }
force_source = false
dependencies = [
    { name = "cli", requirement = "(>= 3.4.0)" },
    { name = "rlang", requirement = "(>= 1.1.0)" },
]

[[packages]]
name = "litedown"
version = "0.9"
source = { repository = "https://packagemanager.posit.co/cran/latest" }
force_source = false
dependencies = [
    { name = "commonmark", requirement = "(>= 2.0.0)" },
    { name = "xfun", requirement = "(>= 0.55)" },
]

[[packages]]
name = "lme4"
version = "2.0-1"
source = { repository = "https://packagemanager.posit.co/cran/latest" }
force_source = false
dependencies = [
    "Matrix",
    "MASS",
    "Rdpack",
    "boot",
    "lattice",
    { name = "minqa", requirement = "(>= 1.1.15)" },
    { name = "nlme", requirement = "(>= 3.1-123)" },
    { name = "nloptr", requirement = "(>= 1.0.4)" },
    { name = "reformulas", requirement = "(>= 0.4.3.1)" },
    "rlang",
    { name = "Rcpp", requirement = "(>= 0.10.5)" },
    { name = "RcppEigen", requirement = "(>= 0.3.3.9.4)" },
]

[[packages]]
name = "lmerTest"
version = "3.2-1"
source = { repository = "https://packagemanager.posit.co/cran/latest" }
force_source = false
dependencies = [
    { name = "lme4", requirement = "(>= 1.1-10)" },
    "numDeriv",
    "MASS",
    "ggplot2",
    "reformulas",
]

[[packages]]
name = "magick"
version = "2.9.1"
source = { repository = "https://packagemanager.posit.co/cran/latest" }
force_source = false
dependencies = [
    { name = "Rcpp", requirement = "(>= 0.12.12)" },
    "magrittr",
    "curl",
]

[[packages]]
name = "magrittr"
version = "2.0.5"
source = { repository = "https://packagemanager.posit.co/cran/latest" }
force_source = false
dependencies = []

[[packages]]
name = "markdown"
version = "2.0"
source = { repository = "https://packagemanager.posit.co/cran/latest" }
force_source = false
dependencies = [
    "xfun",
    { name = "litedown", requirement = "(>= 0.6)" },
]

[[packages]]
name = "memoise"
version = "2.0.1"
source = { repository = "https://packagemanager.posit.co/cran/latest" }
force_source = false
dependencies = [
    { name = "rlang", requirement = "(>= 0.4.10)" },
    "cachem",
]

[[packages]]
name = "mime"
version = "0.13"
source = { repository = "https://packagemanager.posit.co/cran/latest" }
force_source = false
dependencies = []

[[packages]]
name = "minqa"
version = "1.2.8"
source = { repository = "https://packagemanager.posit.co/cran/latest" }
force_source = false
dependencies = [
    { name = "Rcpp", requirement = "(>= 0.9.10)" },
]

[[packages]]
name = "nlme"
version = "3.1-168"
source = { builtin = true }
force_source = false
dependencies = [
    "lattice",
]

[[packages]]
name = "nloptr"
version = "2.2.1"
source = { repository = "https://packagemanager.posit.co/cran/latest" }
force_source = false
dependencies = []

[[packages]]
name = "numDeriv"
version = "2016.8-1.1"
source = { repository = "https://packagemanager.posit.co/cran/latest" }
force_source = false
dependencies = []

[[packages]]
name = "patchwork"
version = "1.3.2"
source = { repository = "https://packagemanager.posit.co/cran/latest" }
force_source = false
dependencies = [
    { name = "ggplot2", requirement = "(>= 3.0.0)" },
    { name = "gtable", requirement = "(>= 0.3.6)" },
    { name = "rlang", requirement = "(>= 1.0.0)" },
    "cli",
    "farver",
]

[[packages]]
name = "pillar"
version = "1.11.1"
source = { repository = "https://packagemanager.posit.co/cran/latest" }
force_source = false
dependencies = [
    { name = "cli", requirement = "(>= 2.3.0)" },
    "glue",
    "lifecycle",
    { name = "rlang", requirement = "(>= 1.0.2)" },
    { name = "utf8", requirement = "(>= 1.1.0)" },
    { name = "vctrs", requirement = "(>= 0.5.0)" },
]

[[packages]]
name = "pkgconfig"
version = "2.0.3"
source = { repository = "https://packagemanager.posit.co/cran/latest" }
force_source = false
dependencies = []

[[packages]]
name = "png"
version = "0.1-9"
source = { repository = "https://packagemanager.posit.co/cran/latest" }
force_source = false
dependencies = []

[[packages]]
name = "prettyunits"
version = "1.2.0"
source = { repository = "https://packagemanager.posit.co/cran/latest" }
force_source = false
dependencies = []

[[packages]]
name = "progress"
version = "1.2.3"
source = { repository = "https://packagemanager.posit.co/cran/latest" }
force_source = false
dependencies = [
    "crayon",
    "hms",
    "prettyunits",
    "R6",
]

[[packages]]
name = "purrr"
version = "1.2.1"
source = { repository = "https://packagemanager.posit.co/cran/latest" }
force_source = false
dependencies = [
    { name = "cli", requirement = "(>= 3.6.1)" },
    { name = "lifecycle", requirement = "(>= 1.0.3)" },
    { name = "magrittr", requirement = "(>= 1.5.0)" },
    { name = "rlang", requirement = "(>= 1.1.1)" },
    { name = "vctrs", requirement = "(>= 0.6.3)" },
]

[[packages]]
name = "rappdirs"
version = "0.3.4"
source = { repository = "https://packagemanager.posit.co/cran/latest" }
force_source = false
dependencies = []

[[packages]]
name = "rbibutils"
version = "2.4.1"
source = { repository = "https://packagemanager.posit.co/cran/latest" }
force_source = false
dependencies = []

[[packages]]
name = "readr"
version = "2.2.0"
source = { repository = "https://packagemanager.posit.co/cran/latest" }
force_source = false
dependencies = [
    "cli",
    "clipr",
    "crayon",
    "glue",
    { name = "hms", requirement = "(>= 0.4.1)" },
    "lifecycle",
    "R6",
    "rlang",
    "tibble",
    { name = "vroom", requirement = "(>= 1.7.0)" },
    "withr",
    "cpp11",
    { name = "tzdb", requirement = "(>= 0.1.1)" },
]

[[packages]]
name = "reformulas"
version = "0.4.4"
source = { repository = "https://packagemanager.posit.co/cran/latest" }
force_source = false
dependencies = [
    "Matrix",
    "Rdpack",
]

[[packages]]
name = "rlang"
version = "1.2.0"
source = { repository = "https://packagemanager.posit.co/cran/latest" }
force_source = false
dependencies = []

[[packages]]
name = "rmarkdown"
version = "2.31"
source = { repository = "https://packagemanager.posit.co/cran/latest" }
force_source = false
dependencies = [
    { name = "bslib", requirement = "(>= 0.2.5.1)" },
    { name = "evaluate", requirement = "(>= 0.13)" },
    { name = "fontawesome", requirement = "(>= 0.5.0)" },
    { name = "htmltools", requirement = "(>= 0.5.1)" },
    "jquerylib",
    "jsonlite",
    { name = "knitr", requirement = "(>= 1.43)" },
    { name = "tinytex", requirement = "(>= 0.31)" },
    { name = "xfun", requirement = "(>= 0.36)" },
    { name = "yaml", requirement = "(>= 2.1.19)" },
]

[[packages]]
name = "rprojroot"
version = "2.1.1"
source = { repository = "https://packagemanager.posit.co/cran/latest" }
force_source = false
dependencies = []

[[packages]]
name = "sass"
version = "0.4.10"
source = { repository = "https://packagemanager.posit.co/cran/latest" }
force_source = false
dependencies = [
    { name = "fs", requirement = "(>= 1.2.4)" },
    { name = "rlang", requirement = "(>= 0.4.10)" },
    { name = "htmltools", requirement = "(>= 0.5.1)" },
    "R6",
    "rappdirs",
]

[[packages]]
name = "scales"
version = "1.4.0"
source = { repository = "https://packagemanager.posit.co/cran/latest" }
force_source = false
dependencies = [
    "cli",
    { name = "farver", requirement = "(>= 2.0.3)" },
    "glue",
    "labeling",
    "lifecycle",
    "R6",
    "RColorBrewer",
    { name = "rlang", requirement = "(>= 1.1.0)" },
    "viridisLite",
]

[[packages]]
name = "stringi"
version = "1.8.7"
source = { repository = "https://packagemanager.posit.co/cran/latest" }
force_source = false
dependencies = []

[[packages]]
name = "stringr"
version = "1.6.0"
source = { repository = "https://packagemanager.posit.co/cran/latest" }
force_source = false
dependencies = [
    "cli",
    { name = "glue", requirement = "(>= 1.6.1)" },
    { name = "lifecycle", requirement = "(>= 1.0.3)" },
    "magrittr",
    { name = "rlang", requirement = "(>= 1.0.0)" },
    { name = "stringi", requirement = "(>= 1.5.3)" },
    { name = "vctrs", requirement = "(>= 0.4.0)" },
]

[[packages]]
name = "tibble"
version = "3.3.1"
source = { repository = "https://packagemanager.posit.co/cran/latest" }
force_source = false
dependencies = [
    "cli",
    { name = "lifecycle", requirement = "(>= 1.0.0)" },
    "magrittr",
    { name = "pillar", requirement = "(>= 1.8.1)" },
    "pkgconfig",
    { name = "rlang", requirement = "(>= 1.0.2)" },
    { name = "vctrs", requirement = "(>= 0.5.0)" },
]

[[packages]]
name = "tidyr"
version = "1.3.2"
source = { repository = "https://packagemanager.posit.co/cran/latest" }
force_source = false
dependencies = [
    { name = "cli", requirement = "(>= 3.4.1)" },
    { name = "dplyr", requirement = "(>= 1.1.0)" },
    "glue",
    { name = "lifecycle", requirement = "(>= 1.0.3)" },
    "magrittr",
    { name = "purrr", requirement = "(>= 1.0.1)" },
    { name = "rlang", requirement = "(>= 1.1.1)" },
    { name = "stringr", requirement = "(>= 1.5.0)" },
    { name = "tibble", requirement = "(>= 2.1.1)" },
    { name = "tidyselect", requirement = "(>= 1.2.1)" },
    { name = "vctrs", requirement = "(>= 0.5.2)" },
    { name = "cpp11", requirement = "(>= 0.4.0)" },
]

[[packages]]
name = "tidyselect"
version = "1.2.1"
source = { repository = "https://packagemanager.posit.co/cran/latest" }
force_source = false
dependencies = [
    { name = "cli", requirement = "(>= 3.3.0)" },
    { name = "glue", requirement = "(>= 1.3.0)" },
    { name = "lifecycle", requirement = "(>= 1.0.3)" },
    { name = "rlang", requirement = "(>= 1.0.4)" },
    { name = "vctrs", requirement = "(>= 0.5.2)" },
    "withr",
]

[[packages]]
name = "tinytex"
version = "0.59"
source = { repository = "https://packagemanager.posit.co/cran/latest" }
force_source = false
dependencies = [
    { name = "xfun", requirement = "(>= 0.48)" },
]

[[packages]]
name = "tzdb"
version = "0.5.0"
source = { repository = "https://packagemanager.posit.co/cran/latest" }
force_source = false
dependencies = [
    { name = "cpp11", requirement = "(>= 0.5.2)" },
]

[[packages]]
name = "utf8"
version = "1.2.6"
source = { repository = "https://packagemanager.posit.co/cran/latest" }
force_source = false
dependencies = []

[[packages]]
name = "vctrs"
version = "0.7.2"
source = { repository = "https://packagemanager.posit.co/cran/latest" }
force_source = false
dependencies = [
    { name = "cli", requirement = "(>= 3.4.0)" },
    "glue",
    { name = "lifecycle", requirement = "(>= 1.0.3)" },
    { name = "rlang", requirement = "(>= 1.1.7)" },
]

[[packages]]
name = "viridisLite"
version = "0.4.3"
source = { repository = "https://packagemanager.posit.co/cran/latest" }
force_source = false
dependencies = []

[[packages]]
name = "vroom"
version = "1.7.1"
source = { repository = "https://packagemanager.posit.co/cran/latest" }
force_source = false
dependencies = [
    "bit64",
    { name = "cli", requirement = "(>= 3.2.0)" },
    "crayon",
    "glue",
    "hms",
    { name = "lifecycle", requirement = "(>= 1.0.3)" },
    { name = "rlang", requirement = "(>= 1.1.0)" },
    { name = "tibble", requirement = "(>= 2.0.0)" },
    "tidyselect",
    { name = "tzdb", requirement = "(>= 0.1.1)" },
    { name = "vctrs", requirement = "(>= 0.2.0)" },
    "withr",
    { name = "cpp11", requirement = "(>= 0.2.0)" },
    { name = "progress", requirement = "(>= 1.2.3)" },
]

[[packages]]
name = "withr"
version = "3.0.2"
source = { repository = "https://packagemanager.posit.co/cran/latest" }
force_source = false
dependencies = []

[[packages]]
name = "xfun"
version = "0.57"
source = { repository = "https://packagemanager.posit.co/cran/latest" }
force_source = false
dependencies = []

[[packages]]
name = "xml2"
version = "1.5.2"
source = { repository = "https://packagemanager.posit.co/cran/latest" }
force_source = false
dependencies = [
    "cli",
    { name = "rlang", requirement = "(>= 1.1.0)" },
]

[[packages]]
name = "yaml"
version = "2.3.12"
source = { repository = "https://packagemanager.posit.co/cran/latest" }
force_source = false
dependencies = []
